
Microsoft Visual Studio Solution File, Format Version 12.00
# Visual Studio 15
VisualStudioVersion = 15.0.26124.0
MinimumVisualStudioVersion = 15.0.26124.0
Project("{FAE04EC0-301F-11D3-BF4B-00C04F79EFBC}") = "API", "API\API.csproj", "{F99A2D2E-264B-476C-9CFC-33F7E992275B}"
EndProject
Project("{FAE04EC0-301F-11D3-BF4B-00C04F79EFBC}") = "Core", "Core\Core.csproj", "{96E73A1B-DF4A-44EC-933E-4CCAC053B09D}"
EndProject
Project("{FAE04EC0-301F-11D3-BF4B-00C04F79EFBC}") = "Infrastructure", "Infrastructure\Infrastructure.csproj", "{55ACE864-2BBA-4E89-95DE-504F4EF3EF37}"
EndProject
Global
	GlobalSection(SolutionConfigurationPlatforms) = preSolution
		Debug|Any CPU = Debug|Any CPU
		Debug|x64 = Debug|x64
		Debug|x86 = Debug|x86
		Release|Any CPU = Release|Any CPU
		Release|x64 = Release|x64
		Release|x86 = Release|x86
	EndGlobalSection
	GlobalSection(SolutionProperties) = preSolution
		HideSolutionNode = FALSE
	EndGlobalSection
	GlobalSection(ProjectConfigurationPlatforms) = postSolution
		{F99A2D2E-264B-476C-9CFC-33F7E992275B}.Debug|Any CPU.ActiveCfg = Debug|Any CPU
		{F99A2D2E-264B-476C-9CFC-33F7E992275B}.Debug|Any CPU.Build.0 = Debug|Any CPU
		{F99A2D2E-264B-476C-9CFC-33F7E992275B}.Debug|x64.ActiveCfg = Debug|Any CPU
		{F99A2D2E-264B-476C-9CFC-33F7E992275B}.Debug|x64.Build.0 = Debug|Any CPU
		{F99A2D2E-264B-476C-9CFC-33F7E992275B}.Debug|x86.ActiveCfg = Debug|Any CPU
		{F99A2D2E-264B-476C-9CFC-33F7E992275B}.Debug|x86.Build.0 = Debug|Any CPU
		{F99A2D2E-264B-476C-9CFC-33F7E992275B}.Release|Any CPU.ActiveCfg = Release|Any CPU
		{F99A2D2E-264B-476C-9CFC-33F7E992275B}.Release|Any CPU.Build.0 = Release|Any CPU
		{F99A2D2E-264B-476C-9CFC-33F7E992275B}.Release|x64.ActiveCfg = Release|Any CPU
		{F99A2D2E-264B-476C-9CFC-33F7E992275B}.Release|x64.Build.0 = Release|Any CPU
		{F99A2D2E-264B-476C-9CFC-33F7E992275B}.Release|x86.ActiveCfg = Release|Any CPU
		{F99A2D2E-264B-476C-9CFC-33F7E992275B}.Release|x86.Build.0 = Release|Any CPU
		{96E73A1B-DF4A-44EC-933E-4CCAC053B09D}.Debug|Any CPU.ActiveCfg = Debug|Any CPU
		{96E73A1B-DF4A-44EC-933E-4CCAC053B09D}.Debug|Any CPU.Build.0 = Debug|Any CPU
		{96E73A1B-DF4A-44EC-933E-4CCAC053B09D}.Debug|x64.ActiveCfg = Debug|Any CPU
		{96E73A1B-DF4A-44EC-933E-4CCAC053B09D}.Debug|x64.Build.0 = Debug|Any CPU
		{96E73A1B-DF4A-44EC-933E-4CCAC053B09D}.Debug|x86.ActiveCfg = Debug|Any CPU
		{96E73A1B-DF4A-44EC-933E-4CCAC053B09D}.Debug|x86.Build.0 = Debug|Any CPU
		{96E73A1B-DF4A-44EC-933E-4CCAC053B09D}.Release|Any CPU.ActiveCfg = Release|Any CPU
		{96E73A1B-DF4A-44EC-933E-4CCAC053B09D}.Release|Any CPU.Build.0 = Release|Any CPU
		{96E73A1B-DF4A-44EC-933E-4CCAC053B09D}.Release|x64.ActiveCfg = Release|Any CPU
		{96E73A1B-DF4A-44EC-933E-4CCAC053B09D}.Release|x64.Build.0 = Release|Any CPU
		{96E73A1B-DF4A-44EC-933E-4CCAC053B09D}.Release|x86.ActiveCfg = Release|Any CPU
		{96E73A1B-DF4A-44EC-933E-4CCAC053B09D}.Release|x86.Build.0 = Release|Any CPU
		{55ACE864-2BBA-4E89-95DE-504F4EF3EF37}.Debug|Any CPU.ActiveCfg = Debug|Any CPU
		{55ACE864-2BBA-4E89-95DE-504F4EF3EF37}.Debug|Any CPU.Build.0 = Debug|Any CPU
		{55ACE864-2BBA-4E89-95DE-504F4EF3EF37}.Debug|x64.ActiveCfg = Debug|Any CPU
		{55ACE864-2BBA-4E89-95DE-504F4EF3EF37}.Debug|x64.Build.0 = Debug|Any CPU
		{55ACE864-2BBA-4E89-95DE-504F4EF3EF37}.Debug|x86.ActiveCfg = Debug|Any CPU
		{55ACE864-2BBA-4E89-95DE-504F4EF3EF37}.Debug|x86.Build.0 = Debug|Any CPU
		{55ACE864-2BBA-4E89-95DE-504F4EF3EF37}.Release|Any CPU.ActiveCfg = Release|Any CPU
		{55ACE864-2BBA-4E89-95DE-504F4EF3EF37}.Release|Any CPU.Build.0 = Release|Any CPU
		{55ACE864-2BBA-4E89-95DE-504F4EF3EF37}.Release|x64.ActiveCfg = Release|Any CPU
		{55ACE864-2BBA-4E89-95DE-504F4EF3EF37}.Release|x64.Build.0 = Release|Any CPU
		{55ACE864-2BBA-4E89-95DE-504F4EF3EF37}.Release|x86.ActiveCfg = Release|Any CPU
		{55ACE864-2BBA-4E89-95DE-504F4EF3EF37}.Release|x86.Build.0 = Release|Any CPU
	EndGlobalSection
EndGlobal
